
Microsoft Visual Studio Solution File, Format Version 12.00
# Visual Studio Version 16
VisualStudioVersion = 16.0.30523.141
MinimumVisualStudioVersion = 10.0.40219.1
Project("{FAE04EC0-301F-11D3-BF4B-00C04F79EFBC}") = "OOPSuperHeros", "OOPSuperHeros\OOPSuperHeros.csproj", "{A91CB8D1-F978-404B-B5E9-04842C04B33F}"
EndProject
Global
	GlobalSection(SolutionConfigurationPlatforms) = preSolution
		Debug|Any CPU = Debug|Any CPU
		Release|Any CPU = Release|Any CPU
	EndGlobalSection
	GlobalSection(ProjectConfigurationPlatforms) = postSolution
		{A91CB8D1-F978-404B-B5E9-04842C04B33F}.Debug|Any CPU.ActiveCfg = Debug|Any CPU
		{A91CB8D1-F978-404B-B5E9-04842C04B33F}.Debug|Any CPU.Build.0 = Debug|Any CPU
		{A91CB8D1-F978-404B-B5E9-04842C04B33F}.Release|Any CPU.ActiveCfg = Release|Any CPU
		{A91CB8D1-F978-404B-B5E9-04842C04B33F}.Release|Any CPU.Build.0 = Release|Any CPU
	EndGlobalSection
	GlobalSection(SolutionProperties) = preSolution
		HideSolutionNode = FALSE
	EndGlobalSection
	GlobalSection(ExtensibilityGlobals) = postSolution
		SolutionGuid = {157DF729-988C-4DF9-BF6E-CB4300D332FA}
	EndGlobalSection
EndGlobal
